
Microsoft Visual Studio Solution File, Format Version 12.00
# Visual Studio Version 17
VisualStudioVersion = 17.5.002.0
MinimumVisualStudioVersion = 10.0.40219.1
Project("{9A19103F-16F7-4668-BE54-9A1E7A4F7556}") = "SistemaHospedagemHotel", "SistemaHospedagemHotel.csproj", "{2C48B9F1-BBFA-4E01-9BB8-35DAFE5F6209}"
EndProject
Global
	GlobalSection(SolutionConfigurationPlatforms) = preSolution
		Debug|Any CPU = Debug|Any CPU
		Release|Any CPU = Release|Any CPU
	EndGlobalSection
	GlobalSection(ProjectConfigurationPlatforms) = postSolution
		{2C48B9F1-BBFA-4E01-9BB8-35DAFE5F6209}.Debug|Any CPU.ActiveCfg = Debug|Any CPU
		{2C48B9F1-BBFA-4E01-9BB8-35DAFE5F6209}.Debug|Any CPU.Build.0 = Debug|Any CPU
		{2C48B9F1-BBFA-4E01-9BB8-35DAFE5F6209}.Release|Any CPU.ActiveCfg = Release|Any CPU
		{2C48B9F1-BBFA-4E01-9BB8-35DAFE5F6209}.Release|Any CPU.Build.0 = Release|Any CPU
	EndGlobalSection
	GlobalSection(SolutionProperties) = preSolution
		HideSolutionNode = FALSE
	EndGlobalSection
	GlobalSection(ExtensibilityGlobals) = postSolution
		SolutionGuid = {5B15B6E5-1FB1-4C2A-A297-70733D1A01D0}
	EndGlobalSection
EndGlobal
